// !$*UTF8*$!
{
	archiveVersion = 1;
	classes = {
	};
	objectVersion = 56;
	objects = {

/* Begin PBXBuildFile section */
		B347D3CA2962A01D00196FC5 /* faceTestApp.swift in Sources */ = {isa = PBXBuildFile; fileRef = B347D3C92962A01D00196FC5 /* faceTestApp.swift */; };
		B347D3CC2962A01D00196FC5 /* ContentView.swift in Sources */ = {isa = PBXBuildFile; fileRef = B347D3CB2962A01D00196FC5 /* ContentView.swift */; };
		B347D3CE2962A01D00196FC5 /* Assets.xcassets in Resources */ = {isa = PBXBuildFile; fileRef = B347D3CD2962A01D00196FC5 /* Assets.xcassets */; };
		B347D3D12962A01D00196FC5 /* Preview Assets.xcassets in Resources */ = {isa = PBXBuildFile; fileRef = B347D3D02962A01D00196FC5 /* Preview Assets.xcassets */; };
		B347D3DC2962B9B600196FC5 /* MainPage.swift in Sources */ = {isa = PBXBuildFile; fileRef = B347D3DB2962B9B600196FC5 /* MainPage.swift */; };
		B347D3E32962CBDB00196FC5 /* VisionClassifier.swift in Sources */ = {isa = PBXBuildFile; fileRef = B347D3E22962CBDB00196FC5 /* VisionClassifier.swift */; };
		B347D3E729631B6300196FC5 /* BoyClassifier.mlmodel in Sources */ = {isa = PBXBuildFile; fileRef = B347D3E629631B6300196FC5 /* BoyClassifier.mlmodel */; };
		B347D3E929631B7F00196FC5 /* GirlClassifier.mlmodel in Sources */ = {isa = PBXBuildFile; fileRef = B347D3E829631B7F00196FC5 /* GirlClassifier.mlmodel */; };
		B347D3EC2963D3BF00196FC5 /* ImagePickerView.swift in Sources */ = {isa = PBXBuildFile; fileRef = B347D3EB2963D3BF00196FC5 /* ImagePickerView.swift */; };
		B347D3F02963DFCC00196FC5 /* GenderPickerView.swift in Sources */ = {isa = PBXBuildFile; fileRef = B347D3EF2963DFCC00196FC5 /* GenderPickerView.swift */; };
		B3B4A34B2964387900F797F7 /* Analysis.swift in Sources */ = {isa = PBXBuildFile; fileRef = B3B4A34A2964387900F797F7 /* Analysis.swift */; };
		B3B4A34D296446C600F797F7 /* CameraButtonView.swift in Sources */ = {isa = PBXBuildFile; fileRef = B3B4A34C296446C600F797F7 /* CameraButtonView.swift */; };
		B3B4A35029645E4C00F797F7 /* Evaluation.swift in Sources */ = {isa = PBXBuildFile; fileRef = B3B4A34F29645E4C00F797F7 /* Evaluation.swift */; };
		B3B4A354296473FB00F797F7 /* LoadingView.swift in Sources */ = {isa = PBXBuildFile; fileRef = B3B4A353296473FB00F797F7 /* LoadingView.swift */; };
		B3B4A3572964742600F797F7 /* woman_loading.json in Resources */ = {isa = PBXBuildFile; fileRef = B3B4A3552964742600F797F7 /* woman_loading.json */; };
		B3B4A3582964742600F797F7 /* man_loading.json in Resources */ = {isa = PBXBuildFile; fileRef = B3B4A3562964742600F797F7 /* man_loading.json */; };
		B3B4A35B296474C500F797F7 /* Lottie in Frameworks */ = {isa = PBXBuildFile; productRef = B3B4A35A296474C500F797F7 /* Lottie */; };
		B3B4A35D2964753200F797F7 /* LottieView.swift in Sources */ = {isa = PBXBuildFile; fileRef = B3B4A35C2964753200F797F7 /* LottieView.swift */; };
		B3B4A35F2965167C00F797F7 /* FaceDetector.swift in Sources */ = {isa = PBXBuildFile; fileRef = B3B4A35E2965167C00F797F7 /* FaceDetector.swift */; };
		B3B4A3622965270000F797F7 /* ResultView.swift in Sources */ = {isa = PBXBuildFile; fileRef = B3B4A3612965270000F797F7 /* ResultView.swift */; };
		B3B4A36429653B4100F797F7 /* ChartView.swift in Sources */ = {isa = PBXBuildFile; fileRef = B3B4A36329653B4100F797F7 /* ChartView.swift */; };
		B3B4A367296557B400F797F7 /* String+.swift in Sources */ = {isa = PBXBuildFile; fileRef = B3B4A366296557B400F797F7 /* String+.swift */; };
		B3B4A36C296570C900F797F7 /* SettingsView.swift in Sources */ = {isa = PBXBuildFile; fileRef = B3B4A36B296570C900F797F7 /* SettingsView.swift */; };
		B3B4A36F2965737C00F797F7 /* Jalnan.ttf in Resources */ = {isa = PBXBuildFile; fileRef = B3B4A36E2965737C00F797F7 /* Jalnan.ttf */; };
		B3B4A3712965742700F797F7 /* JalnanOTF.otf in Resources */ = {isa = PBXBuildFile; fileRef = B3B4A3702965742700F797F7 /* JalnanOTF.otf */; };
		B3B4A3732965763E00F797F7 /* StrokeTextView.swift in Sources */ = {isa = PBXBuildFile; fileRef = B3B4A3722965763E00F797F7 /* StrokeTextView.swift */; };
		B3B4A3752965831E00F797F7 /* ShareSheet.swift in Sources */ = {isa = PBXBuildFile; fileRef = B3B4A3742965831E00F797F7 /* ShareSheet.swift */; };
		B3B4A38029659AEB00F797F7 /* SplashView.swift in Sources */ = {isa = PBXBuildFile; fileRef = B3B4A37F29659AEB00F797F7 /* SplashView.swift */; };
		B3B4A38A29668B6300F797F7 /* PhotoPicker.swift in Sources */ = {isa = PBXBuildFile; fileRef = B3B4A38929668B6300F797F7 /* PhotoPicker.swift */; };
		B3B4A38F2966ACBE00F797F7 /* ScreenshotSwiftUI in Frameworks */ = {isa = PBXBuildFile; productRef = B3B4A38E2966ACBE00F797F7 /* ScreenshotSwiftUI */; };
		B3B4A3932966CE4F00F797F7 /* AIDescriptionView.swift in Sources */ = {isa = PBXBuildFile; fileRef = B3B4A3922966CE4E00F797F7 /* AIDescriptionView.swift */; };
		B3F1765D29641F2100CD2822 /* UploadDescriptionView.swift in Sources */ = {isa = PBXBuildFile; fileRef = B3F1765C29641F2100CD2822 /* UploadDescriptionView.swift */; };
		B3F1766029641FB900CD2822 /* MainButtonStyle.swift in Sources */ = {isa = PBXBuildFile; fileRef = B3F1765F29641FB900CD2822 /* MainButtonStyle.swift */; };
		B3FA9D3529671DA500E565A2 /* LanguageManager.swift in Sources */ = {isa = PBXBuildFile; fileRef = B3FA9D3429671DA500E565A2 /* LanguageManager.swift */; };
		B3FA9D532968052300E565A2 /* ResultMessageView.swift in Sources */ = {isa = PBXBuildFile; fileRef = B3FA9D522968052300E565A2 /* ResultMessageView.swift */; };
		B3FA9D562968241300E565A2 /* GoogleMobileAds in Frameworks */ = {isa = PBXBuildFile; productRef = B3FA9D552968241300E565A2 /* GoogleMobileAds */; };
		B3FA9D60296859AF00E565A2 /* BannerAdView.swift in Sources */ = {isa = PBXBuildFile; fileRef = B3FA9D5F296859AF00E565A2 /* BannerAdView.swift */; };
		B3FA9D6229685B1E00E565A2 /* InterstitialAd.swift in Sources */ = {isa = PBXBuildFile; fileRef = B3FA9D6129685B1E00E565A2 /* InterstitialAd.swift */; };
		B3FA9D6D29687B2E00E565A2 /* splash.json in Resources */ = {isa = PBXBuildFile; fileRef = B3FA9D6C29687B2E00E565A2 /* splash.json */; };
		B3FA9D6F296C2F2800E565A2 /* UIApplication+.swift in Sources */ = {isa = PBXBuildFile; fileRef = B3FA9D6E296C2F2800E565A2 /* UIApplication+.swift */; };
		B3FA9D71296C47FC00E565A2 /* WillDisappearHandler.swift in Sources */ = {isa = PBXBuildFile; fileRef = B3FA9D70296C47FC00E565A2 /* WillDisappearHandler.swift */; };
/* End PBXBuildFile section */

/* Begin PBXFileReference section */
		B347D3C62962A01D00196FC5 /* faceTest.app */ = {isa = PBXFileReference; explicitFileType = wrapper.application; includeInIndex = 0; path = faceTest.app; sourceTree = BUILT_PRODUCTS_DIR; };
		B347D3C92962A01D00196FC5 /* faceTestApp.swift */ = {isa = PBXFileReference; lastKnownFileType = sourcecode.swift; path = faceTestApp.swift; sourceTree = "<group>"; };
		B347D3CB2962A01D00196FC5 /* ContentView.swift */ = {isa = PBXFileReference; lastKnownFileType = sourcecode.swift; path = ContentView.swift; sourceTree = "<group>"; };
		B347D3CD2962A01D00196FC5 /* Assets.xcassets */ = {isa = PBXFileReference; lastKnownFileType = folder.assetcatalog; path = Assets.xcassets; sourceTree = "<group>"; };
		B347D3D02962A01D00196FC5 /* Preview Assets.xcassets */ = {isa = PBXFileReference; lastKnownFileType = folder.assetcatalog; path = "Preview Assets.xcassets"; sourceTree = "<group>"; };
		B347D3DB2962B9B600196FC5 /* MainPage.swift */ = {isa = PBXFileReference; lastKnownFileType = sourcecode.swift; path = MainPage.swift; sourceTree = "<group>"; };
		B347D3E22962CBDB00196FC5 /* VisionClassifier.swift */ = {isa = PBXFileReference; fileEncoding = 4; lastKnownFileType = sourcecode.swift; path = VisionClassifier.swift; sourceTree = "<group>"; };
		B347D3E629631B6300196FC5 /* BoyClassifier.mlmodel */ = {isa = PBXFileReference; lastKnownFileType = file.mlmodel; path = BoyClassifier.mlmodel; sourceTree = "<group>"; };
		B347D3E829631B7F00196FC5 /* GirlClassifier.mlmodel */ = {isa = PBXFileReference; lastKnownFileType = file.mlmodel; path = GirlClassifier.mlmodel; sourceTree = "<group>"; };
		B347D3EB2963D3BF00196FC5 /* ImagePickerView.swift */ = {isa = PBXFileReference; lastKnownFileType = sourcecode.swift; path = ImagePickerView.swift; sourceTree = "<group>"; };
		B347D3EF2963DFCC00196FC5 /* GenderPickerView.swift */ = {isa = PBXFileReference; lastKnownFileType = sourcecode.swift; path = GenderPickerView.swift; sourceTree = "<group>"; };
		B3B4A34A2964387900F797F7 /* Analysis.swift */ = {isa = PBXFileReference; lastKnownFileType = sourcecode.swift; path = Analysis.swift; sourceTree = "<group>"; };
		B3B4A34C296446C600F797F7 /* CameraButtonView.swift */ = {isa = PBXFileReference; lastKnownFileType = sourcecode.swift; path = CameraButtonView.swift; sourceTree = "<group>"; };
		B3B4A34F29645E4C00F797F7 /* Evaluation.swift */ = {isa = PBXFileReference; lastKnownFileType = sourcecode.swift; path = Evaluation.swift; sourceTree = "<group>"; };
		B3B4A353296473FB00F797F7 /* LoadingView.swift */ = {isa = PBXFileReference; lastKnownFileType = sourcecode.swift; path = LoadingView.swift; sourceTree = "<group>"; };
		B3B4A3552964742600F797F7 /* woman_loading.json */ = {isa = PBXFileReference; fileEncoding = 4; lastKnownFileType = text.json; path = woman_loading.json; sourceTree = "<group>"; };
		B3B4A3562964742600F797F7 /* man_loading.json */ = {isa = PBXFileReference; fileEncoding = 4; lastKnownFileType = text.json; path = man_loading.json; sourceTree = "<group>"; };
		B3B4A35C2964753200F797F7 /* LottieView.swift */ = {isa = PBXFileReference; lastKnownFileType = sourcecode.swift; path = LottieView.swift; sourceTree = "<group>"; };
		B3B4A35E2965167C00F797F7 /* FaceDetector.swift */ = {isa = PBXFileReference; lastKnownFileType = sourcecode.swift; path = FaceDetector.swift; sourceTree = "<group>"; };
		B3B4A3612965270000F797F7 /* ResultView.swift */ = {isa = PBXFileReference; lastKnownFileType = sourcecode.swift; path = ResultView.swift; sourceTree = "<group>"; };
		B3B4A36329653B4100F797F7 /* ChartView.swift */ = {isa = PBXFileReference; lastKnownFileType = sourcecode.swift; path = ChartView.swift; sourceTree = "<group>"; };
		B3B4A366296557B400F797F7 /* String+.swift */ = {isa = PBXFileReference; lastKnownFileType = sourcecode.swift; path = "String+.swift"; sourceTree = "<group>"; };
		B3B4A36B296570C900F797F7 /* SettingsView.swift */ = {isa = PBXFileReference; lastKnownFileType = sourcecode.swift; path = SettingsView.swift; sourceTree = "<group>"; };
		B3B4A36E2965737C00F797F7 /* Jalnan.ttf */ = {isa = PBXFileReference; lastKnownFileType = file; path = Jalnan.ttf; sourceTree = "<group>"; };
		B3B4A3702965742700F797F7 /* JalnanOTF.otf */ = {isa = PBXFileReference; lastKnownFileType = file; path = JalnanOTF.otf; sourceTree = "<group>"; };
		B3B4A3722965763E00F797F7 /* StrokeTextView.swift */ = {isa = PBXFileReference; lastKnownFileType = sourcecode.swift; path = StrokeTextView.swift; sourceTree = "<group>"; };
		B3B4A3742965831E00F797F7 /* ShareSheet.swift */ = {isa = PBXFileReference; lastKnownFileType = sourcecode.swift; path = ShareSheet.swift; sourceTree = "<group>"; };
		B3B4A37F29659AEB00F797F7 /* SplashView.swift */ = {isa = PBXFileReference; lastKnownFileType = sourcecode.swift; path = SplashView.swift; sourceTree = "<group>"; };
		B3B4A38929668B6300F797F7 /* PhotoPicker.swift */ = {isa = PBXFileReference; lastKnownFileType = sourcecode.swift; path = PhotoPicker.swift; sourceTree = "<group>"; };
		B3B4A3922966CE4E00F797F7 /* AIDescriptionView.swift */ = {isa = PBXFileReference; lastKnownFileType = sourcecode.swift; path = AIDescriptionView.swift; sourceTree = "<group>"; };
		B3F1765C29641F2100CD2822 /* UploadDescriptionView.swift */ = {isa = PBXFileReference; lastKnownFileType = sourcecode.swift; path = UploadDescriptionView.swift; sourceTree = "<group>"; };
		B3F1765F29641FB900CD2822 /* MainButtonStyle.swift */ = {isa = PBXFileReference; lastKnownFileType = sourcecode.swift; path = MainButtonStyle.swift; sourceTree = "<group>"; };
		B3FA9D3429671DA500E565A2 /* LanguageManager.swift */ = {isa = PBXFileReference; lastKnownFileType = sourcecode.swift; path = LanguageManager.swift; sourceTree = "<group>"; };
		B3FA9D522968052300E565A2 /* ResultMessageView.swift */ = {isa = PBXFileReference; lastKnownFileType = sourcecode.swift; path = ResultMessageView.swift; sourceTree = "<group>"; };
		B3FA9D5F296859AF00E565A2 /* BannerAdView.swift */ = {isa = PBXFileReference; lastKnownFileType = sourcecode.swift; path = BannerAdView.swift; sourceTree = "<group>"; };
		B3FA9D6129685B1E00E565A2 /* InterstitialAd.swift */ = {isa = PBXFileReference; lastKnownFileType = sourcecode.swift; path = InterstitialAd.swift; sourceTree = "<group>"; };
		B3FA9D6529686AE000E565A2 /* Info.plist */ = {isa = PBXFileReference; lastKnownFileType = text.plist; path = Info.plist; sourceTree = "<group>"; };
		B3FA9D6C29687B2E00E565A2 /* splash.json */ = {isa = PBXFileReference; fileEncoding = 4; lastKnownFileType = text.json; path = splash.json; sourceTree = "<group>"; };
		B3FA9D6E296C2F2800E565A2 /* UIApplication+.swift */ = {isa = PBXFileReference; lastKnownFileType = sourcecode.swift; path = "UIApplication+.swift"; sourceTree = "<group>"; };
		B3FA9D70296C47FC00E565A2 /* WillDisappearHandler.swift */ = {isa = PBXFileReference; lastKnownFileType = sourcecode.swift; path = WillDisappearHandler.swift; sourceTree = "<group>"; };
/* End PBXFileReference section */

/* Begin PBXFrameworksBuildPhase section */
		B347D3C32962A01D00196FC5 /* Frameworks */ = {
			isa = PBXFrameworksBuildPhase;
			buildActionMask = 2147483647;
			files = (
				B3FA9D562968241300E565A2 /* GoogleMobileAds in Frameworks */,
				B3B4A38F2966ACBE00F797F7 /* ScreenshotSwiftUI in Frameworks */,
				B3B4A35B296474C500F797F7 /* Lottie in Frameworks */,
			);
			runOnlyForDeploymentPostprocessing = 0;
		};
/* End PBXFrameworksBuildPhase section */

/* Begin PBXGroup section */
		B347D3BD2962A01D00196FC5 = {
			isa = PBXGroup;
			children = (
				B347D3C82962A01D00196FC5 /* faceTest */,
				B347D3C72962A01D00196FC5 /* Products */,
			);
			sourceTree = "<group>";
		};
		B347D3C72962A01D00196FC5 /* Products */ = {
			isa = PBXGroup;
			children = (
				B347D3C62962A01D00196FC5 /* faceTest.app */,
			);
			name = Products;
			sourceTree = "<group>";
		};
		B347D3C82962A01D00196FC5 /* faceTest */ = {
			isa = PBXGroup;
			children = (
				B3FA9D6529686AE000E565A2 /* Info.plist */,
				B3B4A36D2965734300F797F7 /* fonts */,
				B3B4A365296557A600F797F7 /* Extensions */,
				B3B4A34E29645E2600F797F7 /* Services */,
				B3B4A3492964384200F797F7 /* Models */,
				B347D3EE2963D3D600196FC5 /* Utils */,
				B347D3EA2963D3AA00196FC5 /* Views */,
				B347D3C92962A01D00196FC5 /* faceTestApp.swift */,
				B347D3CB2962A01D00196FC5 /* ContentView.swift */,
				B347D3CD2962A01D00196FC5 /* Assets.xcassets */,
				B347D3E829631B7F00196FC5 /* GirlClassifier.mlmodel */,
				B347D3E629631B6300196FC5 /* BoyClassifier.mlmodel */,
				B3B4A3562964742600F797F7 /* man_loading.json */,
				B3B4A3552964742600F797F7 /* woman_loading.json */,
				B3FA9D6C29687B2E00E565A2 /* splash.json */,
				B347D3CF2962A01D00196FC5 /* Preview Content */,
			);
			path = faceTest;
			sourceTree = "<group>";
		};
		B347D3CF2962A01D00196FC5 /* Preview Content */ = {
			isa = PBXGroup;
			children = (
				B347D3D02962A01D00196FC5 /* Preview Assets.xcassets */,
			);
			path = "Preview Content";
			sourceTree = "<group>";
		};
		B347D3EA2963D3AA00196FC5 /* Views */ = {
			isa = PBXGroup;
			children = (
				B3FA9D57296827B300E565A2 /* AdView */,
				B3B4A37E29659ADB00F797F7 /* SplashScene */,
				B3B4A368296570A100F797F7 /* SettingScene */,
				B3B4A360296526DE00F797F7 /* ResultScene */,
				B3B4A352296473E300F797F7 /* LoadingScene */,
				B3B4A351296473D000F797F7 /* MainScene */,
			);
			path = Views;
			sourceTree = "<group>";
		};
		B347D3EE2963D3D600196FC5 /* Utils */ = {
			isa = PBXGroup;
			children = (
				B3B4A38929668B6300F797F7 /* PhotoPicker.swift */,
				B347D3E22962CBDB00196FC5 /* VisionClassifier.swift */,
				B3F1765F29641FB900CD2822 /* MainButtonStyle.swift */,
				B3B4A35E2965167C00F797F7 /* FaceDetector.swift */,
				B3FA9D70296C47FC00E565A2 /* WillDisappearHandler.swift */,
			);
			path = Utils;
			sourceTree = "<group>";
		};
		B3B4A3492964384200F797F7 /* Models */ = {
			isa = PBXGroup;
			children = (
				B3B4A34A2964387900F797F7 /* Analysis.swift */,
			);
			path = Models;
			sourceTree = "<group>";
		};
		B3B4A34E29645E2600F797F7 /* Services */ = {
			isa = PBXGroup;
			children = (
				B3B4A34F29645E4C00F797F7 /* Evaluation.swift */,
				B3FA9D3429671DA500E565A2 /* LanguageManager.swift */,
				B3FA9D6129685B1E00E565A2 /* InterstitialAd.swift */,
			);
			path = Services;
			sourceTree = "<group>";
		};
		B3B4A351296473D000F797F7 /* MainScene */ = {
			isa = PBXGroup;
			children = (
				B347D3EB2963D3BF00196FC5 /* ImagePickerView.swift */,
				B347D3DB2962B9B600196FC5 /* MainPage.swift */,
				B347D3EF2963DFCC00196FC5 /* GenderPickerView.swift */,
				B3F1765C29641F2100CD2822 /* UploadDescriptionView.swift */,
				B3B4A34C296446C600F797F7 /* CameraButtonView.swift */,
				B3B4A3722965763E00F797F7 /* StrokeTextView.swift */,
			);
			path = MainScene;
			sourceTree = "<group>";
		};
		B3B4A352296473E300F797F7 /* LoadingScene */ = {
			isa = PBXGroup;
			children = (
				B3B4A353296473FB00F797F7 /* LoadingView.swift */,
				B3B4A35C2964753200F797F7 /* LottieView.swift */,
			);
			path = LoadingScene;
			sourceTree = "<group>";
		};
		B3B4A360296526DE00F797F7 /* ResultScene */ = {
			isa = PBXGroup;
			children = (
				B3B4A3612965270000F797F7 /* ResultView.swift */,
				B3FA9D522968052300E565A2 /* ResultMessageView.swift */,
				B3B4A36329653B4100F797F7 /* ChartView.swift */,
				B3B4A3742965831E00F797F7 /* ShareSheet.swift */,
			);
			path = ResultScene;
			sourceTree = "<group>";
		};
		B3B4A365296557A600F797F7 /* Extensions */ = {
			isa = PBXGroup;
			children = (
				B3B4A366296557B400F797F7 /* String+.swift */,
				B3FA9D6E296C2F2800E565A2 /* UIApplication+.swift */,
			);
			path = Extensions;
			sourceTree = "<group>";
		};
		B3B4A368296570A100F797F7 /* SettingScene */ = {
			isa = PBXGroup;
			children = (
				B3B4A36B296570C900F797F7 /* SettingsView.swift */,
				B3B4A3922966CE4E00F797F7 /* AIDescriptionView.swift */,
			);
			path = SettingScene;
			sourceTree = "<group>";
		};
		B3B4A36D2965734300F797F7 /* fonts */ = {
			isa = PBXGroup;
			children = (
				B3B4A36E2965737C00F797F7 /* Jalnan.ttf */,
				B3B4A3702965742700F797F7 /* JalnanOTF.otf */,
			);
			path = fonts;
			sourceTree = "<group>";
		};
		B3B4A37E29659ADB00F797F7 /* SplashScene */ = {
			isa = PBXGroup;
			children = (
				B3B4A37F29659AEB00F797F7 /* SplashView.swift */,
			);
			path = SplashScene;
			sourceTree = "<group>";
		};
		B3FA9D57296827B300E565A2 /* AdView */ = {
			isa = PBXGroup;
			children = (
				B3FA9D5F296859AF00E565A2 /* BannerAdView.swift */,
			);
			path = AdView;
			sourceTree = "<group>";
		};
/* End PBXGroup section */

/* Begin PBXNativeTarget section */
		B347D3C52962A01D00196FC5 /* faceTest */ = {
			isa = PBXNativeTarget;
			buildConfigurationList = B347D3D42962A01D00196FC5 /* Build configuration list for PBXNativeTarget "faceTest" */;
			buildPhases = (
				B347D3C22962A01D00196FC5 /* Sources */,
				B347D3C32962A01D00196FC5 /* Frameworks */,
				B347D3C42962A01D00196FC5 /* Resources */,
			);
			buildRules = (
			);
			dependencies = (
			);
			name = faceTest;
			packageProductDependencies = (
				B3B4A35A296474C500F797F7 /* Lottie */,
				B3B4A38E2966ACBE00F797F7 /* ScreenshotSwiftUI */,
				B3FA9D552968241300E565A2 /* GoogleMobileAds */,
			);
			productName = faceTest;
			productReference = B347D3C62962A01D00196FC5 /* faceTest.app */;
			productType = "com.apple.product-type.application";
		};
/* End PBXNativeTarget section */

/* Begin PBXProject section */
		B347D3BE2962A01D00196FC5 /* Project object */ = {
			isa = PBXProject;
			attributes = {
				BuildIndependentTargetsInParallel = 1;
				LastSwiftUpdateCheck = 1420;
				LastUpgradeCheck = 1420;
				TargetAttributes = {
					B347D3C52962A01D00196FC5 = {
						CreatedOnToolsVersion = 14.2;
					};
				};
			};
			buildConfigurationList = B347D3C12962A01D00196FC5 /* Build configuration list for PBXProject "faceTest" */;
			compatibilityVersion = "Xcode 14.0";
			developmentRegion = en;
			hasScannedForEncodings = 0;
			knownRegions = (
				en,
				Base,
			);
			mainGroup = B347D3BD2962A01D00196FC5;
			packageReferences = (
				B3B4A359296474C500F797F7 /* XCRemoteSwiftPackageReference "lottie-ios" */,
				B3B4A38D2966ACBE00F797F7 /* XCRemoteSwiftPackageReference "ScreenshotSwiftUI" */,
				B3FA9D542968241300E565A2 /* XCRemoteSwiftPackageReference "swift-package-manager-google-mobile-ads" */,
			);
			productRefGroup = B347D3C72962A01D00196FC5 /* Products */;
			projectDirPath = "";
			projectRoot = "";
			targets = (
				B347D3C52962A01D00196FC5 /* faceTest */,
			);
		};
/* End PBXProject section */

/* Begin PBXResourcesBuildPhase section */
		B347D3C42962A01D00196FC5 /* Resources */ = {
			isa = PBXResourcesBuildPhase;
			buildActionMask = 2147483647;
			files = (
				B3B4A36F2965737C00F797F7 /* Jalnan.ttf in Resources */,
				B347D3D12962A01D00196FC5 /* Preview Assets.xcassets in Resources */,
				B3FA9D6D29687B2E00E565A2 /* splash.json in Resources */,
				B3B4A3582964742600F797F7 /* man_loading.json in Resources */,
				B3B4A3712965742700F797F7 /* JalnanOTF.otf in Resources */,
				B347D3CE2962A01D00196FC5 /* Assets.xcassets in Resources */,
				B3B4A3572964742600F797F7 /* woman_loading.json in Resources */,
			);
			runOnlyForDeploymentPostprocessing = 0;
		};
/* End PBXResourcesBuildPhase section */

/* Begin PBXSourcesBuildPhase section */
		B347D3C22962A01D00196FC5 /* Sources */ = {
			isa = PBXSourcesBuildPhase;
			buildActionMask = 2147483647;
			files = (
				B3B4A36C296570C900F797F7 /* SettingsView.swift in Sources */,
				B347D3CC2962A01D00196FC5 /* ContentView.swift in Sources */,
				B3B4A35D2964753200F797F7 /* LottieView.swift in Sources */,
				B3FA9D71296C47FC00E565A2 /* WillDisappearHandler.swift in Sources */,
				B3B4A367296557B400F797F7 /* String+.swift in Sources */,
				B3FA9D532968052300E565A2 /* ResultMessageView.swift in Sources */,
				B3B4A34B2964387900F797F7 /* Analysis.swift in Sources */,
				B3B4A3622965270000F797F7 /* ResultView.swift in Sources */,
				B347D3E929631B7F00196FC5 /* GirlClassifier.mlmodel in Sources */,
				B3F1766029641FB900CD2822 /* MainButtonStyle.swift in Sources */,
				B3B4A3932966CE4F00F797F7 /* AIDescriptionView.swift in Sources */,
				B3B4A3732965763E00F797F7 /* StrokeTextView.swift in Sources */,
				B3B4A354296473FB00F797F7 /* LoadingView.swift in Sources */,
				B3B4A34D296446C600F797F7 /* CameraButtonView.swift in Sources */,
				B3F1765D29641F2100CD2822 /* UploadDescriptionView.swift in Sources */,
				B3B4A36429653B4100F797F7 /* ChartView.swift in Sources */,
				B347D3F02963DFCC00196FC5 /* GenderPickerView.swift in Sources */,
				B3B4A35029645E4C00F797F7 /* Evaluation.swift in Sources */,
				B347D3EC2963D3BF00196FC5 /* ImagePickerView.swift in Sources */,
				B3FA9D60296859AF00E565A2 /* BannerAdView.swift in Sources */,
				B3B4A38029659AEB00F797F7 /* SplashView.swift in Sources */,
				B347D3CA2962A01D00196FC5 /* faceTestApp.swift in Sources */,
				B3FA9D6229685B1E00E565A2 /* InterstitialAd.swift in Sources */,
				B3FA9D6F296C2F2800E565A2 /* UIApplication+.swift in Sources */,
				B347D3E32962CBDB00196FC5 /* VisionClassifier.swift in Sources */,
				B3FA9D3529671DA500E565A2 /* LanguageManager.swift in Sources */,
				B347D3DC2962B9B600196FC5 /* MainPage.swift in Sources */,
				B3B4A3752965831E00F797F7 /* ShareSheet.swift in Sources */,
				B3B4A35F2965167C00F797F7 /* FaceDetector.swift in Sources */,
				B3B4A38A29668B6300F797F7 /* PhotoPicker.swift in Sources */,
				B347D3E729631B6300196FC5 /* BoyClassifier.mlmodel in Sources */,
			);
			runOnlyForDeploymentPostprocessing = 0;
		};
/* End PBXSourcesBuildPhase section */

/* Begin XCBuildConfiguration section */
		B347D3D22962A01D00196FC5 /* Debug */ = {
			isa = XCBuildConfiguration;
			buildSettings = {
				ALWAYS_SEARCH_USER_PATHS = NO;
				CLANG_ANALYZER_NONNULL = YES;
				CLANG_ANALYZER_NUMBER_OBJECT_CONVERSION = YES_AGGRESSIVE;
				CLANG_CXX_LANGUAGE_STANDARD = "gnu++20";
				CLANG_ENABLE_MODULES = YES;
				CLANG_ENABLE_OBJC_ARC = YES;
				CLANG_ENABLE_OBJC_WEAK = YES;
				CLANG_WARN_BLOCK_CAPTURE_AUTORELEASING = YES;
				CLANG_WARN_BOOL_CONVERSION = YES;
				CLANG_WARN_COMMA = YES;
				CLANG_WARN_CONSTANT_CONVERSION = YES;
				CLANG_WARN_DEPRECATED_OBJC_IMPLEMENTATIONS = YES;
				CLANG_WARN_DIRECT_OBJC_ISA_USAGE = YES_ERROR;
				CLANG_WARN_DOCUMENTATION_COMMENTS = YES;
				CLANG_WARN_EMPTY_BODY = YES;
				CLANG_WARN_ENUM_CONVERSION = YES;
				CLANG_WARN_INFINITE_RECURSION = YES;
				CLANG_WARN_INT_CONVERSION = YES;
				CLANG_WARN_NON_LITERAL_NULL_CONVERSION = YES;
				CLANG_WARN_OBJC_IMPLICIT_RETAIN_SELF = YES;
				CLANG_WARN_OBJC_LITERAL_CONVERSION = YES;
				CLANG_WARN_OBJC_ROOT_CLASS = YES_ERROR;
				CLANG_WARN_QUOTED_INCLUDE_IN_FRAMEWORK_HEADER = YES;
				CLANG_WARN_RANGE_LOOP_ANALYSIS = YES;
				CLANG_WARN_STRICT_PROTOTYPES = YES;
				CLANG_WARN_SUSPICIOUS_MOVE = YES;
				CLANG_WARN_UNGUARDED_AVAILABILITY = YES_AGGRESSIVE;
				CLANG_WARN_UNREACHABLE_CODE = YES;
				CLANG_WARN__DUPLICATE_METHOD_MATCH = YES;
				COPY_PHASE_STRIP = NO;
				DEBUG_INFORMATION_FORMAT = dwarf;
				ENABLE_STRICT_OBJC_MSGSEND = YES;
				ENABLE_TESTABILITY = YES;
				GCC_C_LANGUAGE_STANDARD = gnu11;
				GCC_DYNAMIC_NO_PIC = NO;
				GCC_NO_COMMON_BLOCKS = YES;
				GCC_OPTIMIZATION_LEVEL = 0;
				GCC_PREPROCESSOR_DEFINITIONS = (
					"DEBUG=1",
					"$(inherited)",
				);
				GCC_WARN_64_TO_32_BIT_CONVERSION = YES;
				GCC_WARN_ABOUT_RETURN_TYPE = YES_ERROR;
				GCC_WARN_UNDECLARED_SELECTOR = YES;
				GCC_WARN_UNINITIALIZED_AUTOS = YES_AGGRESSIVE;
				GCC_WARN_UNUSED_FUNCTION = YES;
				GCC_WARN_UNUSED_VARIABLE = YES;
				IPHONEOS_DEPLOYMENT_TARGET = 15.0;
				MTL_ENABLE_DEBUG_INFO = INCLUDE_SOURCE;
				MTL_FAST_MATH = YES;
				ONLY_ACTIVE_ARCH = YES;
				SDKROOT = iphoneos;
				SWIFT_ACTIVE_COMPILATION_CONDITIONS = DEBUG;
				SWIFT_OPTIMIZATION_LEVEL = "-Onone";
			};
			name = Debug;
		};
		B347D3D32962A01D00196FC5 /* Release */ = {
			isa = XCBuildConfiguration;
			buildSettings = {
				ALWAYS_SEARCH_USER_PATHS = NO;
				CLANG_ANALYZER_NONNULL = YES;
				CLANG_ANALYZER_NUMBER_OBJECT_CONVERSION = YES_AGGRESSIVE;
				CLANG_CXX_LANGUAGE_STANDARD = "gnu++20";
				CLANG_ENABLE_MODULES = YES;
				CLANG_ENABLE_OBJC_ARC = YES;
				CLANG_ENABLE_OBJC_WEAK = YES;
				CLANG_WARN_BLOCK_CAPTURE_AUTORELEASING = YES;
				CLANG_WARN_BOOL_CONVERSION = YES;
				CLANG_WARN_COMMA = YES;
				CLANG_WARN_CONSTANT_CONVERSION = YES;
				CLANG_WARN_DEPRECATED_OBJC_IMPLEMENTATIONS = YES;
				CLANG_WARN_DIRECT_OBJC_ISA_USAGE = YES_ERROR;
				CLANG_WARN_DOCUMENTATION_COMMENTS = YES;
				CLANG_WARN_EMPTY_BODY = YES;
				CLANG_WARN_ENUM_CONVERSION = YES;
				CLANG_WARN_INFINITE_RECURSION = YES;
				CLANG_WARN_INT_CONVERSION = YES;
				CLANG_WARN_NON_LITERAL_NULL_CONVERSION = YES;
				CLANG_WARN_OBJC_IMPLICIT_RETAIN_SELF = YES;
				CLANG_WARN_OBJC_LITERAL_CONVERSION = YES;
				CLANG_WARN_OBJC_ROOT_CLASS = YES_ERROR;
				CLANG_WARN_QUOTED_INCLUDE_IN_FRAMEWORK_HEADER = YES;
				CLANG_WARN_RANGE_LOOP_ANALYSIS = YES;
				CLANG_WARN_STRICT_PROTOTYPES = YES;
				CLANG_WARN_SUSPICIOUS_MOVE = YES;
				CLANG_WARN_UNGUARDED_AVAILABILITY = YES_AGGRESSIVE;
				CLANG_WARN_UNREACHABLE_CODE = YES;
				CLANG_WARN__DUPLICATE_METHOD_MATCH = YES;
				COPY_PHASE_STRIP = NO;
				DEBUG_INFORMATION_FORMAT = "dwarf-with-dsym";
				ENABLE_NS_ASSERTIONS = NO;
				ENABLE_STRICT_OBJC_MSGSEND = YES;
				GCC_C_LANGUAGE_STANDARD = gnu11;
				GCC_NO_COMMON_BLOCKS = YES;
				GCC_WARN_64_TO_32_BIT_CONVERSION = YES;
				GCC_WARN_ABOUT_RETURN_TYPE = YES_ERROR;
				GCC_WARN_UNDECLARED_SELECTOR = YES;
				GCC_WARN_UNINITIALIZED_AUTOS = YES_AGGRESSIVE;
				GCC_WARN_UNUSED_FUNCTION = YES;
				GCC_WARN_UNUSED_VARIABLE = YES;
				IPHONEOS_DEPLOYMENT_TARGET = 15.0;
				MTL_ENABLE_DEBUG_INFO = NO;
				MTL_FAST_MATH = YES;
				SDKROOT = iphoneos;
				SWIFT_COMPILATION_MODE = wholemodule;
				SWIFT_OPTIMIZATION_LEVEL = "-O";
				VALIDATE_PRODUCT = YES;
			};
			name = Release;
		};
		B347D3D52962A01D00196FC5 /* Debug */ = {
			isa = XCBuildConfiguration;
			buildSettings = {
				ASSETCATALOG_COMPILER_APPICON_NAME = AppIcon;
				ASSETCATALOG_COMPILER_GLOBAL_ACCENT_COLOR_NAME = AccentColor;
				CODE_SIGN_STYLE = Automatic;
				CURRENT_PROJECT_VERSION = 46;
				DEVELOPMENT_ASSET_PATHS = "\"faceTest/Preview Content\"";
				DEVELOPMENT_TEAM = KJZPA3T2S5;
				ENABLE_PREVIEWS = YES;
				GENERATE_INFOPLIST_FILE = YES;
				INFOPLIST_FILE = faceTest/Info.plist;
				INFOPLIST_KEY_CFBundleDisplayName = "";
				INFOPLIST_KEY_LSApplicationCategoryType = "";
				INFOPLIST_KEY_NSCameraUsageDescription = "카메라에 접근할 수 있도록 권한 설정을 허용해주세요";
				INFOPLIST_KEY_NSPhotoLibraryAddUsageDescription = "사진을 저장할 수 있도록 권한 설정을 허용해주세요";
				INFOPLIST_KEY_NSUserTrackingUsageDescription = "개인에게 최적화된 광고를 제공하기 위해 사용자의 광고 활동 정보를 수집합니다. 거절하실 경우 앱 이용에 제한이 있을 수 있습니다.";
				INFOPLIST_KEY_UIApplicationSupportsIndirectInputEvents = YES;
				INFOPLIST_KEY_UILaunchScreen_Generation = YES;
				INFOPLIST_KEY_UISupportedInterfaceOrientations = UIInterfaceOrientationPortrait;
				INFOPLIST_KEY_UISupportedInterfaceOrientations_iPad = "UIInterfaceOrientationLandscapeLeft UIInterfaceOrientationLandscapeRight UIInterfaceOrientationPortrait UIInterfaceOrientationPortraitUpsideDown";
				INFOPLIST_KEY_UIUserInterfaceStyle = Light;
				IPHONEOS_DEPLOYMENT_TARGET = 15.0;
				LD_RUNPATH_SEARCH_PATHS = (
					"$(inherited)",
					"@executable_path/Frameworks",
				);
				MARKETING_VERSION = 1.0;
				PRODUCT_BUNDLE_IDENTIFIER = com.jerry.faceTest;
				PRODUCT_NAME = "$(TARGET_NAME)";
				SUPPORTED_PLATFORMS = "iphoneos iphonesimulator";
				SUPPORTS_MACCATALYST = NO;
				SUPPORTS_MAC_DESIGNED_FOR_IPHONE_IPAD = NO;
				SWIFT_EMIT_LOC_STRINGS = YES;
				SWIFT_VERSION = 5.0;
				TARGETED_DEVICE_FAMILY = 1;
			};
			name = Debug;
		};
		B347D3D62962A01D00196FC5 /* Release */ = {
			isa = XCBuildConfiguration;
			buildSettings = {
				ASSETCATALOG_COMPILER_APPICON_NAME = AppIcon;
				ASSETCATALOG_COMPILER_GLOBAL_ACCENT_COLOR_NAME = AccentColor;
				CODE_SIGN_STYLE = Automatic;
				CURRENT_PROJECT_VERSION = 46;
				DEVELOPMENT_ASSET_PATHS = "\"faceTest/Preview Content\"";
				DEVELOPMENT_TEAM = KJZPA3T2S5;
				ENABLE_PREVIEWS = YES;
				GENERATE_INFOPLIST_FILE = YES;
				INFOPLIST_FILE = faceTest/Info.plist;
				INFOPLIST_KEY_CFBundleDisplayName = "";
				INFOPLIST_KEY_LSApplicationCategoryType = "";
				INFOPLIST_KEY_NSCameraUsageDescription = "카메라에 접근할 수 있도록 권한 설정을 허용해주세요";
				INFOPLIST_KEY_NSPhotoLibraryAddUsageDescription = "사진을 저장할 수 있도록 권한 설정을 허용해주세요";
				INFOPLIST_KEY_NSUserTrackingUsageDescription = "개인에게 최적화된 광고를 제공하기 위해 사용자의 광고 활동 정보를 수집합니다. 거절하실 경우 앱 이용에 제한이 있을 수 있습니다.";
				INFOPLIST_KEY_UIApplicationSupportsIndirectInputEvents = YES;
				INFOPLIST_KEY_UILaunchScreen_Generation = YES;
				INFOPLIST_KEY_UISupportedInterfaceOrientations = UIInterfaceOrientationPortrait;
				INFOPLIST_KEY_UISupportedInterfaceOrientations_iPad = "UIInterfaceOrientationLandscapeLeft UIInterfaceOrientationLandscapeRight UIInterfaceOrientationPortrait UIInterfaceOrientationPortraitUpsideDown";
				INFOPLIST_KEY_UIUserInterfaceStyle = Light;
				IPHONEOS_DEPLOYMENT_TARGET = 15.0;
				LD_RUNPATH_SEARCH_PATHS = (
					"$(inherited)",
					"@executable_path/Frameworks",
				);
				MARKETING_VERSION = 1.0;
				PRODUCT_BUNDLE_IDENTIFIER = com.jerry.faceTest;
				PRODUCT_NAME = "$(TARGET_NAME)";
				SUPPORTED_PLATFORMS = "iphoneos iphonesimulator";
				SUPPORTS_MACCATALYST = NO;
				SUPPORTS_MAC_DESIGNED_FOR_IPHONE_IPAD = NO;
				SWIFT_EMIT_LOC_STRINGS = YES;
				SWIFT_VERSION = 5.0;
				TARGETED_DEVICE_FAMILY = 1;
			};
			name = Release;
		};
/* End XCBuildConfiguration section */

/* Begin XCConfigurationList section */
		B347D3C12962A01D00196FC5 /* Build configuration list for PBXProject "faceTest" */ = {
			isa = XCConfigurationList;
			buildConfigurations = (
				B347D3D22962A01D00196FC5 /* Debug */,
				B347D3D32962A01D00196FC5 /* Release */,
			);
			defaultConfigurationIsVisible = 0;
			defaultConfigurationName = Release;
		};
		B347D3D42962A01D00196FC5 /* Build configuration list for PBXNativeTarget "faceTest" */ = {
			isa = XCConfigurationList;
			buildConfigurations = (
				B347D3D52962A01D00196FC5 /* Debug */,
				B347D3D62962A01D00196FC5 /* Release */,
			);
			defaultConfigurationIsVisible = 0;
			defaultConfigurationName = Release;
		};
/* End XCConfigurationList section */

/* Begin XCRemoteSwiftPackageReference section */
		B3B4A359296474C500F797F7 /* XCRemoteSwiftPackageReference "lottie-ios" */ = {
			isa = XCRemoteSwiftPackageReference;
			repositoryURL = "https://github.com/airbnb/lottie-ios";
			requirement = {
				kind = upToNextMajorVersion;
				minimumVersion = 4.0.0;
			};
		};
		B3B4A38D2966ACBE00F797F7 /* XCRemoteSwiftPackageReference "ScreenshotSwiftUI" */ = {
			isa = XCRemoteSwiftPackageReference;
			repositoryURL = "https://github.com/gualtierofrigerio/ScreenshotSwiftUI.git";
			requirement = {
				kind = upToNextMajorVersion;
				minimumVersion = 0.3.0;
			};
		};
		B3FA9D542968241300E565A2 /* XCRemoteSwiftPackageReference "swift-package-manager-google-mobile-ads" */ = {
			isa = XCRemoteSwiftPackageReference;
			repositoryURL = "https://github.com/googleads/swift-package-manager-google-mobile-ads.git";
			requirement = {
				kind = upToNextMajorVersion;
				minimumVersion = 9.0.0;
			};
		};
/* End XCRemoteSwiftPackageReference section */

/* Begin XCSwiftPackageProductDependency section */
		B3B4A35A296474C500F797F7 /* Lottie */ = {
			isa = XCSwiftPackageProductDependency;
			package = B3B4A359296474C500F797F7 /* XCRemoteSwiftPackageReference "lottie-ios" */;
			productName = Lottie;
		};
		B3B4A38E2966ACBE00F797F7 /* ScreenshotSwiftUI */ = {
			isa = XCSwiftPackageProductDependency;
			package = B3B4A38D2966ACBE00F797F7 /* XCRemoteSwiftPackageReference "ScreenshotSwiftUI" */;
			productName = ScreenshotSwiftUI;
		};
		B3FA9D552968241300E565A2 /* GoogleMobileAds */ = {
			isa = XCSwiftPackageProductDependency;
			package = B3FA9D542968241300E565A2 /* XCRemoteSwiftPackageReference "swift-package-manager-google-mobile-ads" */;
			productName = GoogleMobileAds;
		};
/* End XCSwiftPackageProductDependency section */
	};
	rootObject = B347D3BE2962A01D00196FC5 /* Project object */;
}
