// !$*UTF8*$!
{
	archiveVersion = 1;
	classes = {
	};
	objectVersion = 56;
	objects = {

/* Begin PBXBuildFile section */
		B347D3CA2962A01D00196FC5 /* faceTestApp.swift in Sources */ = {isa = PBXBuildFile; fileRef = B347D3C92962A01D00196FC5 /* faceTestApp.swift */; };
		B347D3CC2962A01D00196FC5 /* ContentView.swift in Sources */ = {isa = PBXBuildFile; fileRef = B347D3CB2962A01D00196FC5 /* ContentView.swift */; };
		B347D3CE2962A01D00196FC5 /* Assets.xcassets in Resources */ = {isa = PBXBuildFile; fileRef = B347D3CD2962A01D00196FC5 /* Assets.xcassets */; };
		B347D3D12962A01D00196FC5 /* Preview Assets.xcassets in Resources */ = {isa = PBXBuildFile; fileRef = B347D3D02962A01D00196FC5 /* Preview Assets.xcassets */; };
		B347D3DC2962B9B600196FC5 /* MainPage.swift in Sources */ = {isa = PBXBuildFile; fileRef = B347D3DB2962B9B600196FC5 /* MainPage.swift */; };
		B347D3DE2962BADE00196FC5 /* ImagePicker.swift in Sources */ = {isa = PBXBuildFile; fileRef = B347D3DD2962BADE00196FC5 /* ImagePicker.swift */; };
		B347D3E12962CBD200196FC5 /* FruitClassifier 1.mlmodel in Sources */ = {isa = PBXBuildFile; fileRef = B347D3E02962CBD200196FC5 /* FruitClassifier 1.mlmodel */; };
		B347D3E32962CBDB00196FC5 /* VisionClassifier.swift in Sources */ = {isa = PBXBuildFile; fileRef = B347D3E22962CBDB00196FC5 /* VisionClassifier.swift */; };
		B347D3E729631B6300196FC5 /* BoyClassifier.mlmodel in Sources */ = {isa = PBXBuildFile; fileRef = B347D3E629631B6300196FC5 /* BoyClassifier.mlmodel */; };
		B347D3E929631B7F00196FC5 /* GirlClassifier.mlmodel in Sources */ = {isa = PBXBuildFile; fileRef = B347D3E829631B7F00196FC5 /* GirlClassifier.mlmodel */; };
		B347D3EC2963D3BF00196FC5 /* ImagePickerView.swift in Sources */ = {isa = PBXBuildFile; fileRef = B347D3EB2963D3BF00196FC5 /* ImagePickerView.swift */; };
		B347D3F02963DFCC00196FC5 /* GenderPickerView.swift in Sources */ = {isa = PBXBuildFile; fileRef = B347D3EF2963DFCC00196FC5 /* GenderPickerView.swift */; };
		B3B4A34829642E4900F797F7 /* loading.json in Resources */ = {isa = PBXBuildFile; fileRef = B3B4A34729642E4900F797F7 /* loading.json */; };
		B3B4A34B2964387900F797F7 /* Analysis.swift in Sources */ = {isa = PBXBuildFile; fileRef = B3B4A34A2964387900F797F7 /* Analysis.swift */; };
		B3B4A34D296446C600F797F7 /* CameraButtonView.swift in Sources */ = {isa = PBXBuildFile; fileRef = B3B4A34C296446C600F797F7 /* CameraButtonView.swift */; };
		B3B4A35029645E4C00F797F7 /* Evaluation.swift in Sources */ = {isa = PBXBuildFile; fileRef = B3B4A34F29645E4C00F797F7 /* Evaluation.swift */; };
		B3F1765D29641F2100CD2822 /* UploadDescriptionView.swift in Sources */ = {isa = PBXBuildFile; fileRef = B3F1765C29641F2100CD2822 /* UploadDescriptionView.swift */; };
		B3F1766029641FB900CD2822 /* MainButtonStyle.swift in Sources */ = {isa = PBXBuildFile; fileRef = B3F1765F29641FB900CD2822 /* MainButtonStyle.swift */; };
/* End PBXBuildFile section */

/* Begin PBXFileReference section */
		B347D3C62962A01D00196FC5 /* faceTest.app */ = {isa = PBXFileReference; explicitFileType = wrapper.application; includeInIndex = 0; path = faceTest.app; sourceTree = BUILT_PRODUCTS_DIR; };
		B347D3C92962A01D00196FC5 /* faceTestApp.swift */ = {isa = PBXFileReference; lastKnownFileType = sourcecode.swift; path = faceTestApp.swift; sourceTree = "<group>"; };
		B347D3CB2962A01D00196FC5 /* ContentView.swift */ = {isa = PBXFileReference; lastKnownFileType = sourcecode.swift; path = ContentView.swift; sourceTree = "<group>"; };
		B347D3CD2962A01D00196FC5 /* Assets.xcassets */ = {isa = PBXFileReference; lastKnownFileType = folder.assetcatalog; path = Assets.xcassets; sourceTree = "<group>"; };
		B347D3D02962A01D00196FC5 /* Preview Assets.xcassets */ = {isa = PBXFileReference; lastKnownFileType = folder.assetcatalog; path = "Preview Assets.xcassets"; sourceTree = "<group>"; };
		B347D3DB2962B9B600196FC5 /* MainPage.swift */ = {isa = PBXFileReference; lastKnownFileType = sourcecode.swift; path = MainPage.swift; sourceTree = "<group>"; };
		B347D3DD2962BADE00196FC5 /* ImagePicker.swift */ = {isa = PBXFileReference; fileEncoding = 4; lastKnownFileType = sourcecode.swift; path = ImagePicker.swift; sourceTree = "<group>"; };
		B347D3E02962CBD200196FC5 /* FruitClassifier 1.mlmodel */ = {isa = PBXFileReference; lastKnownFileType = file.mlmodel; path = "FruitClassifier 1.mlmodel"; sourceTree = "<group>"; };
		B347D3E22962CBDB00196FC5 /* VisionClassifier.swift */ = {isa = PBXFileReference; fileEncoding = 4; lastKnownFileType = sourcecode.swift; path = VisionClassifier.swift; sourceTree = "<group>"; };
		B347D3E629631B6300196FC5 /* BoyClassifier.mlmodel */ = {isa = PBXFileReference; lastKnownFileType = file.mlmodel; path = BoyClassifier.mlmodel; sourceTree = "<group>"; };
		B347D3E829631B7F00196FC5 /* GirlClassifier.mlmodel */ = {isa = PBXFileReference; lastKnownFileType = file.mlmodel; path = GirlClassifier.mlmodel; sourceTree = "<group>"; };
		B347D3EB2963D3BF00196FC5 /* ImagePickerView.swift */ = {isa = PBXFileReference; lastKnownFileType = sourcecode.swift; path = ImagePickerView.swift; sourceTree = "<group>"; };
		B347D3EF2963DFCC00196FC5 /* GenderPickerView.swift */ = {isa = PBXFileReference; lastKnownFileType = sourcecode.swift; path = GenderPickerView.swift; sourceTree = "<group>"; };
		B3B4A34729642E4900F797F7 /* loading.json */ = {isa = PBXFileReference; fileEncoding = 4; lastKnownFileType = text.json; path = loading.json; sourceTree = "<group>"; };
		B3B4A34A2964387900F797F7 /* Analysis.swift */ = {isa = PBXFileReference; lastKnownFileType = sourcecode.swift; path = Analysis.swift; sourceTree = "<group>"; };
		B3B4A34C296446C600F797F7 /* CameraButtonView.swift */ = {isa = PBXFileReference; lastKnownFileType = sourcecode.swift; path = CameraButtonView.swift; sourceTree = "<group>"; };
		B3B4A34F29645E4C00F797F7 /* Evaluation.swift */ = {isa = PBXFileReference; lastKnownFileType = sourcecode.swift; path = Evaluation.swift; sourceTree = "<group>"; };
		B3F1765C29641F2100CD2822 /* UploadDescriptionView.swift */ = {isa = PBXFileReference; lastKnownFileType = sourcecode.swift; path = UploadDescriptionView.swift; sourceTree = "<group>"; };
		B3F1765F29641FB900CD2822 /* MainButtonStyle.swift */ = {isa = PBXFileReference; lastKnownFileType = sourcecode.swift; path = MainButtonStyle.swift; sourceTree = "<group>"; };
/* End PBXFileReference section */

/* Begin PBXFrameworksBuildPhase section */
		B347D3C32962A01D00196FC5 /* Frameworks */ = {
			isa = PBXFrameworksBuildPhase;
			buildActionMask = 2147483647;
			files = (
			);
			runOnlyForDeploymentPostprocessing = 0;
		};
/* End PBXFrameworksBuildPhase section */

/* Begin PBXGroup section */
		B347D3BD2962A01D00196FC5 = {
			isa = PBXGroup;
			children = (
				B347D3C82962A01D00196FC5 /* faceTest */,
				B347D3C72962A01D00196FC5 /* Products */,
			);
			sourceTree = "<group>";
		};
		B347D3C72962A01D00196FC5 /* Products */ = {
			isa = PBXGroup;
			children = (
				B347D3C62962A01D00196FC5 /* faceTest.app */,
			);
			name = Products;
			sourceTree = "<group>";
		};
		B347D3C82962A01D00196FC5 /* faceTest */ = {
			isa = PBXGroup;
			children = (
				B3B4A34E29645E2600F797F7 /* Services */,
				B3B4A3492964384200F797F7 /* Models */,
				B347D3EE2963D3D600196FC5 /* Utils */,
				B347D3EA2963D3AA00196FC5 /* Views */,
				B347D3C92962A01D00196FC5 /* faceTestApp.swift */,
				B347D3CB2962A01D00196FC5 /* ContentView.swift */,
				B347D3E02962CBD200196FC5 /* FruitClassifier 1.mlmodel */,
				B347D3CD2962A01D00196FC5 /* Assets.xcassets */,
				B347D3E829631B7F00196FC5 /* GirlClassifier.mlmodel */,
				B347D3E629631B6300196FC5 /* BoyClassifier.mlmodel */,
				B3B4A34729642E4900F797F7 /* loading.json */,
				B347D3CF2962A01D00196FC5 /* Preview Content */,
			);
			path = faceTest;
			sourceTree = "<group>";
		};
		B347D3CF2962A01D00196FC5 /* Preview Content */ = {
			isa = PBXGroup;
			children = (
				B347D3D02962A01D00196FC5 /* Preview Assets.xcassets */,
			);
			path = "Preview Content";
			sourceTree = "<group>";
		};
		B347D3EA2963D3AA00196FC5 /* Views */ = {
			isa = PBXGroup;
			children = (
				B347D3EB2963D3BF00196FC5 /* ImagePickerView.swift */,
				B347D3DB2962B9B600196FC5 /* MainPage.swift */,
				B347D3EF2963DFCC00196FC5 /* GenderPickerView.swift */,
				B3F1765C29641F2100CD2822 /* UploadDescriptionView.swift */,
				B3B4A34C296446C600F797F7 /* CameraButtonView.swift */,
			);
			path = Views;
			sourceTree = "<group>";
		};
		B347D3EE2963D3D600196FC5 /* Utils */ = {
			isa = PBXGroup;
			children = (
				B347D3DD2962BADE00196FC5 /* ImagePicker.swift */,
				B347D3E22962CBDB00196FC5 /* VisionClassifier.swift */,
				B3F1765F29641FB900CD2822 /* MainButtonStyle.swift */,
			);
			path = Utils;
			sourceTree = "<group>";
		};
		B3B4A3492964384200F797F7 /* Models */ = {
			isa = PBXGroup;
			children = (
				B3B4A34A2964387900F797F7 /* Analysis.swift */,
			);
			path = Models;
			sourceTree = "<group>";
		};
		B3B4A34E29645E2600F797F7 /* Services */ = {
			isa = PBXGroup;
			children = (
				B3B4A34F29645E4C00F797F7 /* Evaluation.swift */,
			);
			path = Services;
			sourceTree = "<group>";
		};
/* End PBXGroup section */

/* Begin PBXNativeTarget section */
		B347D3C52962A01D00196FC5 /* faceTest */ = {
			isa = PBXNativeTarget;
			buildConfigurationList = B347D3D42962A01D00196FC5 /* Build configuration list for PBXNativeTarget "faceTest" */;
			buildPhases = (
				B347D3C22962A01D00196FC5 /* Sources */,
				B347D3C32962A01D00196FC5 /* Frameworks */,
				B347D3C42962A01D00196FC5 /* Resources */,
			);
			buildRules = (
			);
			dependencies = (
			);
			name = faceTest;
			productName = faceTest;
			productReference = B347D3C62962A01D00196FC5 /* faceTest.app */;
			productType = "com.apple.product-type.application";
		};
/* End PBXNativeTarget section */

/* Begin PBXProject section */
		B347D3BE2962A01D00196FC5 /* Project object */ = {
			isa = PBXProject;
			attributes = {
				BuildIndependentTargetsInParallel = 1;
				LastSwiftUpdateCheck = 1420;
				LastUpgradeCheck = 1420;
				TargetAttributes = {
					B347D3C52962A01D00196FC5 = {
						CreatedOnToolsVersion = 14.2;
					};
				};
			};
			buildConfigurationList = B347D3C12962A01D00196FC5 /* Build configuration list for PBXProject "faceTest" */;
			compatibilityVersion = "Xcode 14.0";
			developmentRegion = en;
			hasScannedForEncodings = 0;
			knownRegions = (
				en,
				Base,
			);
			mainGroup = B347D3BD2962A01D00196FC5;
			productRefGroup = B347D3C72962A01D00196FC5 /* Products */;
			projectDirPath = "";
			projectRoot = "";
			targets = (
				B347D3C52962A01D00196FC5 /* faceTest */,
			);
		};
/* End PBXProject section */

/* Begin PBXResourcesBuildPhase section */
		B347D3C42962A01D00196FC5 /* Resources */ = {
			isa = PBXResourcesBuildPhase;
			buildActionMask = 2147483647;
			files = (
				B347D3D12962A01D00196FC5 /* Preview Assets.xcassets in Resources */,
				B347D3CE2962A01D00196FC5 /* Assets.xcassets in Resources */,
				B3B4A34829642E4900F797F7 /* loading.json in Resources */,
			);
			runOnlyForDeploymentPostprocessing = 0;
		};
/* End PBXResourcesBuildPhase section */

/* Begin PBXSourcesBuildPhase section */
		B347D3C22962A01D00196FC5 /* Sources */ = {
			isa = PBXSourcesBuildPhase;
			buildActionMask = 2147483647;
			files = (
				B347D3CC2962A01D00196FC5 /* ContentView.swift in Sources */,
				B3B4A34B2964387900F797F7 /* Analysis.swift in Sources */,
				B347D3E929631B7F00196FC5 /* GirlClassifier.mlmodel in Sources */,
				B3F1766029641FB900CD2822 /* MainButtonStyle.swift in Sources */,
				B347D3DE2962BADE00196FC5 /* ImagePicker.swift in Sources */,
				B3B4A34D296446C600F797F7 /* CameraButtonView.swift in Sources */,
				B3F1765D29641F2100CD2822 /* UploadDescriptionView.swift in Sources */,
				B347D3F02963DFCC00196FC5 /* GenderPickerView.swift in Sources */,
				B347D3E12962CBD200196FC5 /* FruitClassifier 1.mlmodel in Sources */,
				B3B4A35029645E4C00F797F7 /* Evaluation.swift in Sources */,
				B347D3EC2963D3BF00196FC5 /* ImagePickerView.swift in Sources */,
				B347D3CA2962A01D00196FC5 /* faceTestApp.swift in Sources */,
				B347D3E32962CBDB00196FC5 /* VisionClassifier.swift in Sources */,
				B347D3DC2962B9B600196FC5 /* MainPage.swift in Sources */,
				B347D3E729631B6300196FC5 /* BoyClassifier.mlmodel in Sources */,
			);
			runOnlyForDeploymentPostprocessing = 0;
		};
/* End PBXSourcesBuildPhase section */

/* Begin XCBuildConfiguration section */
		B347D3D22962A01D00196FC5 /* Debug */ = {
			isa = XCBuildConfiguration;
			buildSettings = {
				ALWAYS_SEARCH_USER_PATHS = NO;
				CLANG_ANALYZER_NONNULL = YES;
				CLANG_ANALYZER_NUMBER_OBJECT_CONVERSION = YES_AGGRESSIVE;
				CLANG_CXX_LANGUAGE_STANDARD = "gnu++20";
				CLANG_ENABLE_MODULES = YES;
				CLANG_ENABLE_OBJC_ARC = YES;
				CLANG_ENABLE_OBJC_WEAK = YES;
				CLANG_WARN_BLOCK_CAPTURE_AUTORELEASING = YES;
				CLANG_WARN_BOOL_CONVERSION = YES;
				CLANG_WARN_COMMA = YES;
				CLANG_WARN_CONSTANT_CONVERSION = YES;
				CLANG_WARN_DEPRECATED_OBJC_IMPLEMENTATIONS = YES;
				CLANG_WARN_DIRECT_OBJC_ISA_USAGE = YES_ERROR;
				CLANG_WARN_DOCUMENTATION_COMMENTS = YES;
				CLANG_WARN_EMPTY_BODY = YES;
				CLANG_WARN_ENUM_CONVERSION = YES;
				CLANG_WARN_INFINITE_RECURSION = YES;
				CLANG_WARN_INT_CONVERSION = YES;
				CLANG_WARN_NON_LITERAL_NULL_CONVERSION = YES;
				CLANG_WARN_OBJC_IMPLICIT_RETAIN_SELF = YES;
				CLANG_WARN_OBJC_LITERAL_CONVERSION = YES;
				CLANG_WARN_OBJC_ROOT_CLASS = YES_ERROR;
				CLANG_WARN_QUOTED_INCLUDE_IN_FRAMEWORK_HEADER = YES;
				CLANG_WARN_RANGE_LOOP_ANALYSIS = YES;
				CLANG_WARN_STRICT_PROTOTYPES = YES;
				CLANG_WARN_SUSPICIOUS_MOVE = YES;
				CLANG_WARN_UNGUARDED_AVAILABILITY = YES_AGGRESSIVE;
				CLANG_WARN_UNREACHABLE_CODE = YES;
				CLANG_WARN__DUPLICATE_METHOD_MATCH = YES;
				COPY_PHASE_STRIP = NO;
				DEBUG_INFORMATION_FORMAT = dwarf;
				ENABLE_STRICT_OBJC_MSGSEND = YES;
				ENABLE_TESTABILITY = YES;
				GCC_C_LANGUAGE_STANDARD = gnu11;
				GCC_DYNAMIC_NO_PIC = NO;
				GCC_NO_COMMON_BLOCKS = YES;
				GCC_OPTIMIZATION_LEVEL = 0;
				GCC_PREPROCESSOR_DEFINITIONS = (
					"DEBUG=1",
					"$(inherited)",
				);
				GCC_WARN_64_TO_32_BIT_CONVERSION = YES;
				GCC_WARN_ABOUT_RETURN_TYPE = YES_ERROR;
				GCC_WARN_UNDECLARED_SELECTOR = YES;
				GCC_WARN_UNINITIALIZED_AUTOS = YES_AGGRESSIVE;
				GCC_WARN_UNUSED_FUNCTION = YES;
				GCC_WARN_UNUSED_VARIABLE = YES;
				IPHONEOS_DEPLOYMENT_TARGET = 16.2;
				MTL_ENABLE_DEBUG_INFO = INCLUDE_SOURCE;
				MTL_FAST_MATH = YES;
				ONLY_ACTIVE_ARCH = YES;
				SDKROOT = iphoneos;
				SWIFT_ACTIVE_COMPILATION_CONDITIONS = DEBUG;
				SWIFT_OPTIMIZATION_LEVEL = "-Onone";
			};
			name = Debug;
		};
		B347D3D32962A01D00196FC5 /* Release */ = {
			isa = XCBuildConfiguration;
			buildSettings = {
				ALWAYS_SEARCH_USER_PATHS = NO;
				CLANG_ANALYZER_NONNULL = YES;
				CLANG_ANALYZER_NUMBER_OBJECT_CONVERSION = YES_AGGRESSIVE;
				CLANG_CXX_LANGUAGE_STANDARD = "gnu++20";
				CLANG_ENABLE_MODULES = YES;
				CLANG_ENABLE_OBJC_ARC = YES;
				CLANG_ENABLE_OBJC_WEAK = YES;
				CLANG_WARN_BLOCK_CAPTURE_AUTORELEASING = YES;
				CLANG_WARN_BOOL_CONVERSION = YES;
				CLANG_WARN_COMMA = YES;
				CLANG_WARN_CONSTANT_CONVERSION = YES;
				CLANG_WARN_DEPRECATED_OBJC_IMPLEMENTATIONS = YES;
				CLANG_WARN_DIRECT_OBJC_ISA_USAGE = YES_ERROR;
				CLANG_WARN_DOCUMENTATION_COMMENTS = YES;
				CLANG_WARN_EMPTY_BODY = YES;
				CLANG_WARN_ENUM_CONVERSION = YES;
				CLANG_WARN_INFINITE_RECURSION = YES;
				CLANG_WARN_INT_CONVERSION = YES;
				CLANG_WARN_NON_LITERAL_NULL_CONVERSION = YES;
				CLANG_WARN_OBJC_IMPLICIT_RETAIN_SELF = YES;
				CLANG_WARN_OBJC_LITERAL_CONVERSION = YES;
				CLANG_WARN_OBJC_ROOT_CLASS = YES_ERROR;
				CLANG_WARN_QUOTED_INCLUDE_IN_FRAMEWORK_HEADER = YES;
				CLANG_WARN_RANGE_LOOP_ANALYSIS = YES;
				CLANG_WARN_STRICT_PROTOTYPES = YES;
				CLANG_WARN_SUSPICIOUS_MOVE = YES;
				CLANG_WARN_UNGUARDED_AVAILABILITY = YES_AGGRESSIVE;
				CLANG_WARN_UNREACHABLE_CODE = YES;
				CLANG_WARN__DUPLICATE_METHOD_MATCH = YES;
				COPY_PHASE_STRIP = NO;
				DEBUG_INFORMATION_FORMAT = "dwarf-with-dsym";
				ENABLE_NS_ASSERTIONS = NO;
				ENABLE_STRICT_OBJC_MSGSEND = YES;
				GCC_C_LANGUAGE_STANDARD = gnu11;
				GCC_NO_COMMON_BLOCKS = YES;
				GCC_WARN_64_TO_32_BIT_CONVERSION = YES;
				GCC_WARN_ABOUT_RETURN_TYPE = YES_ERROR;
				GCC_WARN_UNDECLARED_SELECTOR = YES;
				GCC_WARN_UNINITIALIZED_AUTOS = YES_AGGRESSIVE;
				GCC_WARN_UNUSED_FUNCTION = YES;
				GCC_WARN_UNUSED_VARIABLE = YES;
				IPHONEOS_DEPLOYMENT_TARGET = 16.2;
				MTL_ENABLE_DEBUG_INFO = NO;
				MTL_FAST_MATH = YES;
				SDKROOT = iphoneos;
				SWIFT_COMPILATION_MODE = wholemodule;
				SWIFT_OPTIMIZATION_LEVEL = "-O";
				VALIDATE_PRODUCT = YES;
			};
			name = Release;
		};
		B347D3D52962A01D00196FC5 /* Debug */ = {
			isa = XCBuildConfiguration;
			buildSettings = {
				ASSETCATALOG_COMPILER_APPICON_NAME = AppIcon;
				ASSETCATALOG_COMPILER_GLOBAL_ACCENT_COLOR_NAME = AccentColor;
				CODE_SIGN_STYLE = Automatic;
				CURRENT_PROJECT_VERSION = 1;
				DEVELOPMENT_ASSET_PATHS = "\"faceTest/Preview Content\"";
				DEVELOPMENT_TEAM = KJZPA3T2S5;
				ENABLE_PREVIEWS = YES;
				GENERATE_INFOPLIST_FILE = YES;
				INFOPLIST_FILE = faceTest/Info.plist;
				INFOPLIST_KEY_LSApplicationCategoryType = "";
				INFOPLIST_KEY_UIApplicationSupportsIndirectInputEvents = YES;
				INFOPLIST_KEY_UILaunchScreen_Generation = YES;
				INFOPLIST_KEY_UISupportedInterfaceOrientations_iPad = "UIInterfaceOrientationPortrait UIInterfaceOrientationPortraitUpsideDown UIInterfaceOrientationLandscapeLeft UIInterfaceOrientationLandscapeRight";
				INFOPLIST_KEY_UISupportedInterfaceOrientations_iPhone = "UIInterfaceOrientationPortrait UIInterfaceOrientationLandscapeLeft UIInterfaceOrientationLandscapeRight";
				INFOPLIST_KEY_UIUserInterfaceStyle = Light;
				IPHONEOS_DEPLOYMENT_TARGET = 15.0;
				LD_RUNPATH_SEARCH_PATHS = (
					"$(inherited)",
					"@executable_path/Frameworks",
				);
				MARKETING_VERSION = 1.0;
				PRODUCT_BUNDLE_IDENTIFIER = com.jerry.faceTest;
				PRODUCT_NAME = "$(TARGET_NAME)";
				SWIFT_EMIT_LOC_STRINGS = YES;
				SWIFT_VERSION = 5.0;
				TARGETED_DEVICE_FAMILY = "1,2";
			};
			name = Debug;
		};
		B347D3D62962A01D00196FC5 /* Release */ = {
			isa = XCBuildConfiguration;
			buildSettings = {
				ASSETCATALOG_COMPILER_APPICON_NAME = AppIcon;
				ASSETCATALOG_COMPILER_GLOBAL_ACCENT_COLOR_NAME = AccentColor;
				CODE_SIGN_STYLE = Automatic;
				CURRENT_PROJECT_VERSION = 1;
				DEVELOPMENT_ASSET_PATHS = "\"faceTest/Preview Content\"";
				DEVELOPMENT_TEAM = KJZPA3T2S5;
				ENABLE_PREVIEWS = YES;
				GENERATE_INFOPLIST_FILE = YES;
				INFOPLIST_FILE = faceTest/Info.plist;
				INFOPLIST_KEY_LSApplicationCategoryType = "";
				INFOPLIST_KEY_UIApplicationSupportsIndirectInputEvents = YES;
				INFOPLIST_KEY_UILaunchScreen_Generation = YES;
				INFOPLIST_KEY_UISupportedInterfaceOrientations_iPad = "UIInterfaceOrientationPortrait UIInterfaceOrientationPortraitUpsideDown UIInterfaceOrientationLandscapeLeft UIInterfaceOrientationLandscapeRight";
				INFOPLIST_KEY_UISupportedInterfaceOrientations_iPhone = "UIInterfaceOrientationPortrait UIInterfaceOrientationLandscapeLeft UIInterfaceOrientationLandscapeRight";
				INFOPLIST_KEY_UIUserInterfaceStyle = Light;
				IPHONEOS_DEPLOYMENT_TARGET = 15.0;
				LD_RUNPATH_SEARCH_PATHS = (
					"$(inherited)",
					"@executable_path/Frameworks",
				);
				MARKETING_VERSION = 1.0;
				PRODUCT_BUNDLE_IDENTIFIER = com.jerry.faceTest;
				PRODUCT_NAME = "$(TARGET_NAME)";
				SWIFT_EMIT_LOC_STRINGS = YES;
				SWIFT_VERSION = 5.0;
				TARGETED_DEVICE_FAMILY = "1,2";
			};
			name = Release;
		};
/* End XCBuildConfiguration section */

/* Begin XCConfigurationList section */
		B347D3C12962A01D00196FC5 /* Build configuration list for PBXProject "faceTest" */ = {
			isa = XCConfigurationList;
			buildConfigurations = (
				B347D3D22962A01D00196FC5 /* Debug */,
				B347D3D32962A01D00196FC5 /* Release */,
			);
			defaultConfigurationIsVisible = 0;
			defaultConfigurationName = Release;
		};
		B347D3D42962A01D00196FC5 /* Build configuration list for PBXNativeTarget "faceTest" */ = {
			isa = XCConfigurationList;
			buildConfigurations = (
				B347D3D52962A01D00196FC5 /* Debug */,
				B347D3D62962A01D00196FC5 /* Release */,
			);
			defaultConfigurationIsVisible = 0;
			defaultConfigurationName = Release;
		};
/* End XCConfigurationList section */
	};
	rootObject = B347D3BE2962A01D00196FC5 /* Project object */;
}
